{
  "name": "asincronismojs",
  "version": "1.0.0",
  "lockfileVersion": 1,
  "requires": true,
  "dependencies": {
    "httprequest": {
      "version": "0.3.0",
      "resolved": "https://registry.npmjs.org/httprequest/-/httprequest-0.3.0.tgz",
      "integrity": "sha512-MXLfvgWwYcA/fcdCcUq5UmctQXNcWkuvUeZ71emgp+vFyDn+tpmo2Itsnfge+JTmk1ZrHzCUIoDYKOGH+6RNxA=="
    },
    "xml": {
      "version": "1.0.1",
      "resolved": "https://registry.npmjs.org/xml/-/xml-1.0.1.tgz",
      "integrity": "sha1-eLpyAgApxbyHuKgaPPzXS0ovweU="
    },
    "xmlhttprequest": {
      "version": "1.8.0",
      "resolved": "https://registry.npmjs.org/xmlhttprequest/-/xmlhttprequest-1.8.0.tgz",
      "integrity": "sha1-Z/4HXFwk/vOfnWX197f+dRcZaPw="
    }
  }
}
